
Microsoft Visual Studio Solution File, Format Version 12.00
# Visual Studio Version 16
VisualStudioVersion = 16.0.32510.428
MinimumVisualStudioVersion = 10.0.40219.1
Project("{FAE04EC0-301F-11D3-BF4B-00C04F79EFBC}") = "Tarea_GFT", "Tarea_GFT\Tarea_GFT.csproj", "{6FC36738-3293-4A29-81AB-00C2AB67B1B1}"
EndProject
Global
	GlobalSection(SolutionConfigurationPlatforms) = preSolution
		Debug|Any CPU = Debug|Any CPU
		Release|Any CPU = Release|Any CPU
	EndGlobalSection
	GlobalSection(ProjectConfigurationPlatforms) = postSolution
		{6FC36738-3293-4A29-81AB-00C2AB67B1B1}.Debug|Any CPU.ActiveCfg = Debug|Any CPU
		{6FC36738-3293-4A29-81AB-00C2AB67B1B1}.Debug|Any CPU.Build.0 = Debug|Any CPU
		{6FC36738-3293-4A29-81AB-00C2AB67B1B1}.Release|Any CPU.ActiveCfg = Release|Any CPU
		{6FC36738-3293-4A29-81AB-00C2AB67B1B1}.Release|Any CPU.Build.0 = Release|Any CPU
	EndGlobalSection
	GlobalSection(SolutionProperties) = preSolution
		HideSolutionNode = FALSE
	EndGlobalSection
	GlobalSection(ExtensibilityGlobals) = postSolution
		SolutionGuid = {7DCC875D-261B-4327-9F0C-1850B254C16E}
	EndGlobalSection
EndGlobal
